{
  "version": "5",
  "specifiers": {
    "jsr:@std/assert@*": "1.0.14",
    "jsr:@std/internal@^1.0.10": "1.0.10",
    "npm:@biscuit-auth/biscuit-wasm@0.6": "0.6.0",
    "npm:playwright@1.56.0": "1.56.0"
  },
  "jsr": {
    "@std/assert@1.0.14": {
      "integrity": "68d0d4a43b365abc927f45a9b85c639ea18a9fab96ad92281e493e4ed84abaa4",
      "dependencies": [
        "jsr:@std/internal"
      ]
    },
    "@std/internal@1.0.10": {
      "integrity": "e3be62ce42cab0e177c27698e5d9800122f67b766a0bea6ca4867886cbde8cf7"
    }
  },
  "npm": {
    "@biscuit-auth/biscuit-wasm@0.6.0": {
      "integrity": "sha512-QM4rZU+f/WI1tr2vPMCErrGXrJdfK4mTiY1m/JyR1eIiOIJOzoHUHf3Z+hE2a1+Dt9vm6wgGyJg89S871JN7BQ=="
    },
    "fsevents@2.3.2": {
      "integrity": "sha512-xiqMQR4xAeHTuB9uWm+fFRcIOgKBMiOBP+eXiyT7jsgVCq1bkVygt00oASowB7EdtpOHaaPgKt812P9ab+DDKA==",
      "os": ["darwin"],
      "scripts": true
    },
    "playwright-core@1.56.0": {
      "integrity": "sha512-1SXl7pMfemAMSDn5rkPeZljxOCYAmQnYLBTExuh6E8USHXGSX3dx6lYZN/xPpTz1vimXmPA9CDnILvmJaB8aSQ==",
      "bin": true
    },
    "playwright@1.56.0": {
      "integrity": "sha512-X5Q1b8lOdWIE4KAoHpW3SE8HvUB+ZZsUoN64ZhjnN8dOb1UpujxBtENGiZFE+9F/yhzJwYa+ca3u43FeLbboHA==",
      "dependencies": [
        "playwright-core"
      ],
      "optionalDependencies": [
        "fsevents"
      ],
      "bin": true
    }
  },
  "workspace": {
    "dependencies": [
      "npm:@biscuit-auth/biscuit-wasm@0.6",
      "npm:playwright@1.56.0"
    ]
  }
}
