{
  "version": "5",
  "specifiers": {
    "jsr:@std/assert@*": "1.0.14",
    "jsr:@std/internal@^1.0.10": "1.0.10",
    "npm:@biscuit-auth/biscuit-wasm@~0.6.0-beta.1": "0.6.0-beta.1",
    "npm:playwright@1.52.0": "1.52.0"
  },
  "jsr": {
    "@std/assert@1.0.14": {
      "integrity": "68d0d4a43b365abc927f45a9b85c639ea18a9fab96ad92281e493e4ed84abaa4",
      "dependencies": [
        "jsr:@std/internal"
      ]
    },
    "@std/internal@1.0.10": {
      "integrity": "e3be62ce42cab0e177c27698e5d9800122f67b766a0bea6ca4867886cbde8cf7"
    }
  },
  "npm": {
    "@biscuit-auth/biscuit-wasm@0.6.0-beta.1": {
      "integrity": "sha512-5t9ouUDuAN6xhUZGuuyq1pCMi4p4TRPj/axXJZt+JSW63qGLIRlvXxaawGB91ikGvuPZ4j13qHMz8+FZctzFMQ=="
    },
    "fsevents@2.3.2": {
      "integrity": "sha512-xiqMQR4xAeHTuB9uWm+fFRcIOgKBMiOBP+eXiyT7jsgVCq1bkVygt00oASowB7EdtpOHaaPgKt812P9ab+DDKA==",
      "os": ["darwin"],
      "scripts": true
    },
    "playwright-core@1.52.0": {
      "integrity": "sha512-l2osTgLXSMeuLZOML9qYODUQoPPnUsKsb5/P6LJ2e6uPKXUdPK5WYhN4z03G+YNbWmGDY4YENauNu4ZKczreHg==",
      "bin": true
    },
    "playwright@1.52.0": {
      "integrity": "sha512-JAwMNMBlxJ2oD1kce4KPtMkDeKGHQstdpFPcPH3maElAXon/QZeTvtsfXmTMRyO9TslfoYOXkSsvao2nE1ilTw==",
      "dependencies": [
        "playwright-core"
      ],
      "optionalDependencies": [
        "fsevents"
      ],
      "bin": true
    }
  },
  "workspace": {
    "dependencies": [
      "npm:@biscuit-auth/biscuit-wasm@~0.6.0-beta.1"
    ]
  }
}
